
Microsoft Visual Studio Solution File, Format Version 12.00
# Visual Studio Version 17
VisualStudioVersion = 17.0.32112.339
MinimumVisualStudioVersion = 10.0.40219.1
Project("{9A19103F-16F7-4668-BE54-9A1E7A4F7556}") = "BlacklistManager.Test.Functional", "BlacklistManager.Test.Functional\BlacklistManager.Test.Functional.csproj", "{43F8E3A6-E435-4F4A-8E11-A5D176BFF73E}"
EndProject
Project("{9A19103F-16F7-4668-BE54-9A1E7A4F7556}") = "BlacklistManager.Test.Unit", "BlacklistManager.Test.Unit\BlacklistManager.Test.Unit.csproj", "{690150F3-60AE-48A7-82E7-23B0057C9C55}"
EndProject
Project("{9A19103F-16F7-4668-BE54-9A1E7A4F7556}") = "BlacklistManager.Cli.Test.Unit", "BlacklistManager.Cli.Test.Unit\BlacklistManager.Cli.Test.Unit.csproj", "{72C08FFC-B064-4357-A9DB-4BE7477D3C34}"
EndProject
Global
	GlobalSection(SolutionConfigurationPlatforms) = preSolution
		Debug|Any CPU = Debug|Any CPU
		Release|Any CPU = Release|Any CPU
	EndGlobalSection
	GlobalSection(ProjectConfigurationPlatforms) = postSolution
		{43F8E3A6-E435-4F4A-8E11-A5D176BFF73E}.Debug|Any CPU.ActiveCfg = Debug|Any CPU
		{43F8E3A6-E435-4F4A-8E11-A5D176BFF73E}.Debug|Any CPU.Build.0 = Debug|Any CPU
		{43F8E3A6-E435-4F4A-8E11-A5D176BFF73E}.Release|Any CPU.ActiveCfg = Release|Any CPU
		{43F8E3A6-E435-4F4A-8E11-A5D176BFF73E}.Release|Any CPU.Build.0 = Release|Any CPU
		{690150F3-60AE-48A7-82E7-23B0057C9C55}.Debug|Any CPU.ActiveCfg = Debug|Any CPU
		{690150F3-60AE-48A7-82E7-23B0057C9C55}.Debug|Any CPU.Build.0 = Debug|Any CPU
		{690150F3-60AE-48A7-82E7-23B0057C9C55}.Release|Any CPU.ActiveCfg = Release|Any CPU
		{690150F3-60AE-48A7-82E7-23B0057C9C55}.Release|Any CPU.Build.0 = Release|Any CPU
		{72C08FFC-B064-4357-A9DB-4BE7477D3C34}.Debug|Any CPU.ActiveCfg = Debug|Any CPU
		{72C08FFC-B064-4357-A9DB-4BE7477D3C34}.Debug|Any CPU.Build.0 = Debug|Any CPU
		{72C08FFC-B064-4357-A9DB-4BE7477D3C34}.Release|Any CPU.ActiveCfg = Release|Any CPU
		{72C08FFC-B064-4357-A9DB-4BE7477D3C34}.Release|Any CPU.Build.0 = Release|Any CPU
	EndGlobalSection
	GlobalSection(SolutionProperties) = preSolution
		HideSolutionNode = FALSE
	EndGlobalSection
	GlobalSection(ExtensibilityGlobals) = postSolution
		SolutionGuid = {5CE13035-1878-416C-A1F0-AD16F995FDC8}
	EndGlobalSection
EndGlobal
